
Microsoft Visual Studio Solution File, Format Version 12.00
# Visual Studio Version 16
VisualStudioVersion = 16.0.31005.135
MinimumVisualStudioVersion = 10.0.40219.1
Project("{FAE04EC0-301F-11D3-BF4B-00C04F79EFBC}") = "ContosoUniversity", "ContosoUniversity.csproj", "{B41EF590-0334-42E4-A4A2-0D66E41CDC44}"
EndProject
Global
	GlobalSection(SolutionConfigurationPlatforms) = preSolution
		Debug|Any CPU = Debug|Any CPU
		Release|Any CPU = Release|Any CPU
	EndGlobalSection
	GlobalSection(ProjectConfigurationPlatforms) = postSolution
		{B41EF590-0334-42E4-A4A2-0D66E41CDC44}.Debug|Any CPU.ActiveCfg = Debug|Any CPU
		{B41EF590-0334-42E4-A4A2-0D66E41CDC44}.Debug|Any CPU.Build.0 = Debug|Any CPU
		{B41EF590-0334-42E4-A4A2-0D66E41CDC44}.Release|Any CPU.ActiveCfg = Release|Any CPU
		{B41EF590-0334-42E4-A4A2-0D66E41CDC44}.Release|Any CPU.Build.0 = Release|Any CPU
	EndGlobalSection
	GlobalSection(SolutionProperties) = preSolution
		HideSolutionNode = FALSE
	EndGlobalSection
	GlobalSection(ExtensibilityGlobals) = postSolution
		SolutionGuid = {3107DFCC-B41F-4624-A8CC-097126201823}
	EndGlobalSection
EndGlobal
